
Microsoft Visual Studio Solution File, Format Version 12.00
# Visual Studio Version 17
VisualStudioVersion = 17.10.35013.160
MinimumVisualStudioVersion = 10.0.40219.1
Project("{FAE04EC0-301F-11D3-BF4B-00C04F79EFBC}") = "ReactApp1.Server", "ReactApp1.Server\ReactApp1.Server.csproj", "{C4D75F19-453A-4789-8EE0-BB7A4D43BBBA}"
EndProject
Project("{54A90642-561A-4BB1-A94E-469ADEE60C69}") = "reactapp1.client", "reactapp1.client\reactapp1.client.esproj", "{DEF206AB-BE67-4C7F-B7F3-9D7791D07282}"
EndProject
Global
	GlobalSection(SolutionConfigurationPlatforms) = preSolution
		Debug|Any CPU = Debug|Any CPU
		Release|Any CPU = Release|Any CPU
	EndGlobalSection
	GlobalSection(ProjectConfigurationPlatforms) = postSolution
		{C4D75F19-453A-4789-8EE0-BB7A4D43BBBA}.Debug|Any CPU.ActiveCfg = Debug|Any CPU
		{C4D75F19-453A-4789-8EE0-BB7A4D43BBBA}.Debug|Any CPU.Build.0 = Debug|Any CPU
		{C4D75F19-453A-4789-8EE0-BB7A4D43BBBA}.Release|Any CPU.ActiveCfg = Release|Any CPU
		{C4D75F19-453A-4789-8EE0-BB7A4D43BBBA}.Release|Any CPU.Build.0 = Release|Any CPU
		{DEF206AB-BE67-4C7F-B7F3-9D7791D07282}.Debug|Any CPU.ActiveCfg = Debug|Any CPU
		{DEF206AB-BE67-4C7F-B7F3-9D7791D07282}.Debug|Any CPU.Build.0 = Debug|Any CPU
		{DEF206AB-BE67-4C7F-B7F3-9D7791D07282}.Debug|Any CPU.Deploy.0 = Debug|Any CPU
		{DEF206AB-BE67-4C7F-B7F3-9D7791D07282}.Release|Any CPU.ActiveCfg = Release|Any CPU
		{DEF206AB-BE67-4C7F-B7F3-9D7791D07282}.Release|Any CPU.Build.0 = Release|Any CPU
		{DEF206AB-BE67-4C7F-B7F3-9D7791D07282}.Release|Any CPU.Deploy.0 = Release|Any CPU
	EndGlobalSection
	GlobalSection(SolutionProperties) = preSolution
		HideSolutionNode = FALSE
	EndGlobalSection
	GlobalSection(ExtensibilityGlobals) = postSolution
		SolutionGuid = {FCEFF3F3-A8E1-4236-A8AB-9FB4B222FEBF}
	EndGlobalSection
EndGlobal
